
Microsoft Visual Studio Solution File, Format Version 12.00
# Visual Studio Version 16
VisualStudioVersion = 16.0.30011.22
MinimumVisualStudioVersion = 10.0.40219.1
Project("{FAE04EC0-301F-11D3-BF4B-00C04F79EFBC}") = "Tema5", "Tema5\Tema5.csproj", "{C3687A6F-EA84-4B86-BF63-490E8D74B0BA}"
EndProject
Global
	GlobalSection(SolutionConfigurationPlatforms) = preSolution
		Debug|Any CPU = Debug|Any CPU
		Release|Any CPU = Release|Any CPU
	EndGlobalSection
	GlobalSection(ProjectConfigurationPlatforms) = postSolution
		{C3687A6F-EA84-4B86-BF63-490E8D74B0BA}.Debug|Any CPU.ActiveCfg = Debug|Any CPU
		{C3687A6F-EA84-4B86-BF63-490E8D74B0BA}.Debug|Any CPU.Build.0 = Debug|Any CPU
		{C3687A6F-EA84-4B86-BF63-490E8D74B0BA}.Release|Any CPU.ActiveCfg = Release|Any CPU
		{C3687A6F-EA84-4B86-BF63-490E8D74B0BA}.Release|Any CPU.Build.0 = Release|Any CPU
	EndGlobalSection
	GlobalSection(SolutionProperties) = preSolution
		HideSolutionNode = FALSE
	EndGlobalSection
	GlobalSection(ExtensibilityGlobals) = postSolution
		SolutionGuid = {609EE5A1-E177-429B-A6E1-ED2E39C43A9D}
	EndGlobalSection
EndGlobal
